
Microsoft Visual Studio Solution File, Format Version 12.00
# Visual Studio Version 17
VisualStudioVersion = 17.3.32825.248
MinimumVisualStudioVersion = 10.0.40219.1
Project("{FAE04EC0-301F-11D3-BF4B-00C04F79EFBC}") = "Lesson01_01", "Lesson01_01\Lesson01_01.csproj", "{341262AE-55BF-4B00-A66B-586D95CEE2C7}"
EndProject
Project("{FAE04EC0-301F-11D3-BF4B-00C04F79EFBC}") = "Lesson01_02", "Lesson01_02\Lesson01_02.csproj", "{083EB071-517E-4A1B-9724-1BF70CFC8CDB}"
EndProject
Global
	GlobalSection(SolutionConfigurationPlatforms) = preSolution
		Debug|Any CPU = Debug|Any CPU
		Release|Any CPU = Release|Any CPU
	EndGlobalSection
	GlobalSection(ProjectConfigurationPlatforms) = postSolution
		{341262AE-55BF-4B00-A66B-586D95CEE2C7}.Debug|Any CPU.ActiveCfg = Debug|Any CPU
		{341262AE-55BF-4B00-A66B-586D95CEE2C7}.Debug|Any CPU.Build.0 = Debug|Any CPU
		{341262AE-55BF-4B00-A66B-586D95CEE2C7}.Release|Any CPU.ActiveCfg = Release|Any CPU
		{341262AE-55BF-4B00-A66B-586D95CEE2C7}.Release|Any CPU.Build.0 = Release|Any CPU
		{083EB071-517E-4A1B-9724-1BF70CFC8CDB}.Debug|Any CPU.ActiveCfg = Debug|Any CPU
		{083EB071-517E-4A1B-9724-1BF70CFC8CDB}.Debug|Any CPU.Build.0 = Debug|Any CPU
		{083EB071-517E-4A1B-9724-1BF70CFC8CDB}.Release|Any CPU.ActiveCfg = Release|Any CPU
		{083EB071-517E-4A1B-9724-1BF70CFC8CDB}.Release|Any CPU.Build.0 = Release|Any CPU
	EndGlobalSection
	GlobalSection(SolutionProperties) = preSolution
		HideSolutionNode = FALSE
	EndGlobalSection
	GlobalSection(ExtensibilityGlobals) = postSolution
		SolutionGuid = {5A3D476D-D626-400E-8919-35D6FB1A0E24}
	EndGlobalSection
EndGlobal
