
Microsoft Visual Studio Solution File, Format Version 12.00
# Visual Studio Version 17
VisualStudioVersion = 17.3.32825.248
MinimumVisualStudioVersion = 10.0.40219.1
Project("{9A19103F-16F7-4668-BE54-9A1E7A4F7556}") = "Lesson01_01", "Lesson01_01\Lesson01_01.csproj", "{341262AE-55BF-4B00-A66B-586D95CEE2C7}"
EndProject
Project("{9A19103F-16F7-4668-BE54-9A1E7A4F7556}") = "Lesson01_02", "Lesson01_02\Lesson01_02.csproj", "{083EB071-517E-4A1B-9724-1BF70CFC8CDB}"
EndProject
Project("{9A19103F-16F7-4668-BE54-9A1E7A4F7556}") = "Lesson01_03", "Lesson01_03\Lesson01_03.csproj", "{623EDD0D-8CBA-42FA-8B40-0972568E9AE0}"
EndProject
Project("{9A19103F-16F7-4668-BE54-9A1E7A4F7556}") = "Lesson01_04", "Lesson01_04\Lesson01_04.csproj", "{55DBFF23-CF5E-4C1A-B6AA-3DFB8113D5E1}"
EndProject
Project("{9A19103F-16F7-4668-BE54-9A1E7A4F7556}") = "Lesson01_05", "Lesson01_05\Lesson01_05.csproj", "{A1CBF772-7981-4992-A27B-E4BD800B5B69}"
EndProject
Project("{FAE04EC0-301F-11D3-BF4B-00C04F79EFBC}") = "Lesson01_06", "Lesson01_06\Lesson01_06.csproj", "{7717EBE2-81C2-4DD5-99B8-62F9D2BFE565}"
EndProject
Project("{FAE04EC0-301F-11D3-BF4B-00C04F79EFBC}") = "Lesson01_07", "Lesson01_07\Lesson01_07.csproj", "{F9CBA20A-FB1F-49C8-BE91-1BACA35507BD}"
EndProject
Project("{FAE04EC0-301F-11D3-BF4B-00C04F79EFBC}") = "Lesson01_08", "Lesson01_08\Lesson01_08.csproj", "{FA8CF659-AB1B-49D5-A24A-0B31E545C420}"
EndProject
Project("{FAE04EC0-301F-11D3-BF4B-00C04F79EFBC}") = "Lesson01_09", "Lesson01_09\Lesson01_09.csproj", "{6FC48803-7EC9-48D1-883C-D9855934A022}"
EndProject
Project("{FAE04EC0-301F-11D3-BF4B-00C04F79EFBC}") = "Lesson01_10", "Lesson01_10\Lesson01_10.csproj", "{240DF291-E02B-46F5-93D2-625240B53367}"
EndProject
Global
	GlobalSection(SolutionConfigurationPlatforms) = preSolution
		Debug|Any CPU = Debug|Any CPU
		Release|Any CPU = Release|Any CPU
	EndGlobalSection
	GlobalSection(ProjectConfigurationPlatforms) = postSolution
		{341262AE-55BF-4B00-A66B-586D95CEE2C7}.Debug|Any CPU.ActiveCfg = Debug|Any CPU
		{341262AE-55BF-4B00-A66B-586D95CEE2C7}.Debug|Any CPU.Build.0 = Debug|Any CPU
		{341262AE-55BF-4B00-A66B-586D95CEE2C7}.Release|Any CPU.ActiveCfg = Release|Any CPU
		{341262AE-55BF-4B00-A66B-586D95CEE2C7}.Release|Any CPU.Build.0 = Release|Any CPU
		{083EB071-517E-4A1B-9724-1BF70CFC8CDB}.Debug|Any CPU.ActiveCfg = Debug|Any CPU
		{083EB071-517E-4A1B-9724-1BF70CFC8CDB}.Debug|Any CPU.Build.0 = Debug|Any CPU
		{083EB071-517E-4A1B-9724-1BF70CFC8CDB}.Release|Any CPU.ActiveCfg = Release|Any CPU
		{083EB071-517E-4A1B-9724-1BF70CFC8CDB}.Release|Any CPU.Build.0 = Release|Any CPU
		{623EDD0D-8CBA-42FA-8B40-0972568E9AE0}.Debug|Any CPU.ActiveCfg = Debug|Any CPU
		{623EDD0D-8CBA-42FA-8B40-0972568E9AE0}.Debug|Any CPU.Build.0 = Debug|Any CPU
		{623EDD0D-8CBA-42FA-8B40-0972568E9AE0}.Release|Any CPU.ActiveCfg = Release|Any CPU
		{623EDD0D-8CBA-42FA-8B40-0972568E9AE0}.Release|Any CPU.Build.0 = Release|Any CPU
		{55DBFF23-CF5E-4C1A-B6AA-3DFB8113D5E1}.Debug|Any CPU.ActiveCfg = Debug|Any CPU
		{55DBFF23-CF5E-4C1A-B6AA-3DFB8113D5E1}.Debug|Any CPU.Build.0 = Debug|Any CPU
		{55DBFF23-CF5E-4C1A-B6AA-3DFB8113D5E1}.Release|Any CPU.ActiveCfg = Release|Any CPU
		{55DBFF23-CF5E-4C1A-B6AA-3DFB8113D5E1}.Release|Any CPU.Build.0 = Release|Any CPU
		{A1CBF772-7981-4992-A27B-E4BD800B5B69}.Debug|Any CPU.ActiveCfg = Debug|Any CPU
		{A1CBF772-7981-4992-A27B-E4BD800B5B69}.Debug|Any CPU.Build.0 = Debug|Any CPU
		{A1CBF772-7981-4992-A27B-E4BD800B5B69}.Release|Any CPU.ActiveCfg = Release|Any CPU
		{A1CBF772-7981-4992-A27B-E4BD800B5B69}.Release|Any CPU.Build.0 = Release|Any CPU
		{7717EBE2-81C2-4DD5-99B8-62F9D2BFE565}.Debug|Any CPU.ActiveCfg = Debug|Any CPU
		{7717EBE2-81C2-4DD5-99B8-62F9D2BFE565}.Debug|Any CPU.Build.0 = Debug|Any CPU
		{7717EBE2-81C2-4DD5-99B8-62F9D2BFE565}.Release|Any CPU.ActiveCfg = Release|Any CPU
		{7717EBE2-81C2-4DD5-99B8-62F9D2BFE565}.Release|Any CPU.Build.0 = Release|Any CPU
		{F9CBA20A-FB1F-49C8-BE91-1BACA35507BD}.Debug|Any CPU.ActiveCfg = Debug|Any CPU
		{F9CBA20A-FB1F-49C8-BE91-1BACA35507BD}.Debug|Any CPU.Build.0 = Debug|Any CPU
		{F9CBA20A-FB1F-49C8-BE91-1BACA35507BD}.Release|Any CPU.ActiveCfg = Release|Any CPU
		{F9CBA20A-FB1F-49C8-BE91-1BACA35507BD}.Release|Any CPU.Build.0 = Release|Any CPU
		{FA8CF659-AB1B-49D5-A24A-0B31E545C420}.Debug|Any CPU.ActiveCfg = Debug|Any CPU
		{FA8CF659-AB1B-49D5-A24A-0B31E545C420}.Debug|Any CPU.Build.0 = Debug|Any CPU
		{FA8CF659-AB1B-49D5-A24A-0B31E545C420}.Release|Any CPU.ActiveCfg = Release|Any CPU
		{FA8CF659-AB1B-49D5-A24A-0B31E545C420}.Release|Any CPU.Build.0 = Release|Any CPU
		{6FC48803-7EC9-48D1-883C-D9855934A022}.Debug|Any CPU.ActiveCfg = Debug|Any CPU
		{6FC48803-7EC9-48D1-883C-D9855934A022}.Debug|Any CPU.Build.0 = Debug|Any CPU
		{6FC48803-7EC9-48D1-883C-D9855934A022}.Release|Any CPU.ActiveCfg = Release|Any CPU
		{6FC48803-7EC9-48D1-883C-D9855934A022}.Release|Any CPU.Build.0 = Release|Any CPU
		{240DF291-E02B-46F5-93D2-625240B53367}.Debug|Any CPU.ActiveCfg = Debug|Any CPU
		{240DF291-E02B-46F5-93D2-625240B53367}.Debug|Any CPU.Build.0 = Debug|Any CPU
		{240DF291-E02B-46F5-93D2-625240B53367}.Release|Any CPU.ActiveCfg = Release|Any CPU
		{240DF291-E02B-46F5-93D2-625240B53367}.Release|Any CPU.Build.0 = Release|Any CPU
	EndGlobalSection
	GlobalSection(SolutionProperties) = preSolution
		HideSolutionNode = FALSE
	EndGlobalSection
	GlobalSection(ExtensibilityGlobals) = postSolution
		SolutionGuid = {5A3D476D-D626-400E-8919-35D6FB1A0E24}
	EndGlobalSection
EndGlobal
